
Microsoft Visual Studio Solution File, Format Version 12.00
# Visual Studio Version 17
VisualStudioVersion = 17.2.32602.215
MinimumVisualStudioVersion = 10.0.40219.1
Project("{FAE04EC0-301F-11D3-BF4B-00C04F79EFBC}") = "YO", "YO\YO.csproj", "{0CD60F6B-BFEA-437D-ACB6-B12DD8C9E64D}"
EndProject
Global
	GlobalSection(SolutionConfigurationPlatforms) = preSolution
		Debug|Any CPU = Debug|Any CPU
		Release|Any CPU = Release|Any CPU
	EndGlobalSection
	GlobalSection(ProjectConfigurationPlatforms) = postSolution
		{0CD60F6B-BFEA-437D-ACB6-B12DD8C9E64D}.Debug|Any CPU.ActiveCfg = Debug|Any CPU
		{0CD60F6B-BFEA-437D-ACB6-B12DD8C9E64D}.Debug|Any CPU.Build.0 = Debug|Any CPU
		{0CD60F6B-BFEA-437D-ACB6-B12DD8C9E64D}.Release|Any CPU.ActiveCfg = Release|Any CPU
		{0CD60F6B-BFEA-437D-ACB6-B12DD8C9E64D}.Release|Any CPU.Build.0 = Release|Any CPU
	EndGlobalSection
	GlobalSection(SolutionProperties) = preSolution
		HideSolutionNode = FALSE
	EndGlobalSection
	GlobalSection(ExtensibilityGlobals) = postSolution
		SolutionGuid = {8D08ACB7-260C-4D63-AFF4-97DF0825ADFD}
	EndGlobalSection
EndGlobal
